{
  "name": "variant-gameplay-takehome",
  "version": "0.1.0",
  "lockfileVersion": 3,
  "requires": true,
  "packages": {
    "": {
      "name": "variant-gameplay-takehome",
      "version": "0.1.0",
      "dependencies": {
        "@esotericsoftware/spine-phaser-v4": "4.2.102",
        "phaser": "4.0.0-rc.6"
      },
      "engines": {
        "node": ">=18"
      }
    },
    "node_modules/@esotericsoftware/spine-canvas": {
      "version": "4.2.102",
      "resolved": "https://registry.npmjs.org/@esotericsoftware/spine-canvas/-/spine-canvas-4.2.102.tgz",
      "integrity": "sha512-dG0Tu7Q3kYHAafStKGiEmEAiMcQH8FE72LiMqOgYK7Aou9sVerNUZ2TeObfr1t3iJ8zzWOCYjyhoB1QpGReHIg==",
      "license": "LicenseRef-LICENSE",
      "dependencies": {
        "@esotericsoftware/spine-core": "4.2.102"
      }
    },
    "node_modules/@esotericsoftware/spine-core": {
      "version": "4.2.102",
      "resolved": "https://registry.npmjs.org/@esotericsoftware/spine-core/-/spine-core-4.2.102.tgz",
      "integrity": "sha512-J1RCM+PTTcry7StuN7U3e9qH8xm9FPtQDAC1JNbdmaCPdb0gSBku4BB7qSlpd9euditveqlN26+ahctOeLmKmw==",
      "license": "LicenseRef-LICENSE"
    },
    "node_modules/@esotericsoftware/spine-phaser-v4": {
      "version": "4.2.102",
      "resolved": "https://registry.npmjs.org/@esotericsoftware/spine-phaser-v4/-/spine-phaser-v4-4.2.102.tgz",
      "integrity": "sha512-ZHUiRrF5V5iiFqW+cgXEbtj5K7oLZmY0hTkNSvo443fZpNqEM77IFHw7SZA7hzeF9MyOHutJF7LoM41wHMMRdA==",
      "license": "LicenseRef-LICENSE",
      "dependencies": {
        "@esotericsoftware/spine-canvas": "4.2.102",
        "@esotericsoftware/spine-core": "4.2.102",
        "@esotericsoftware/spine-webgl": "4.2.102"
      },
      "peerDependencies": {
        "phaser": "^4.0.0-rc.1"
      }
    },
    "node_modules/@esotericsoftware/spine-webgl": {
      "version": "4.2.102",
      "resolved": "https://registry.npmjs.org/@esotericsoftware/spine-webgl/-/spine-webgl-4.2.102.tgz",
      "integrity": "sha512-K51GJr1/IxrADNnIHxgiGN+FoAj+3w04BPr8evxMeddUE5VE8GtwCZDuFDdqZp2ftaFJFtb2xNGyzXxQNkhbnA==",
      "license": "LicenseRef-LICENSE",
      "dependencies": {
        "@esotericsoftware/spine-core": "4.2.102"
      }
    },
    "node_modules/eventemitter3": {
      "version": "5.0.4",
      "resolved": "https://registry.npmjs.org/eventemitter3/-/eventemitter3-5.0.4.tgz",
      "integrity": "sha512-mlsTRyGaPBjPedk6Bvw+aqbsXDtoAyAzm5MO7JgU+yVRyMQ5O8bD4Kcci7BS85f93veegeCPkL8R4GLClnjLFw==",
      "license": "MIT"
    },
    "node_modules/phaser": {
      "version": "4.0.0-rc.6",
      "resolved": "https://registry.npmjs.org/phaser/-/phaser-4.0.0-rc.6.tgz",
      "integrity": "sha512-36DRtoZVYyKf4Fmm/IlNEpIyM4NLHjI+W1hbA+nji1e1uKCB9Ojj7XryiReB5+e5367gHT/WJpSuJoEp3LeCQw==",
      "license": "MIT",
      "dependencies": {
        "eventemitter3": "^5.0.1"
      }
    }
  }
}
